
Microsoft Visual Studio Solution File, Format Version 12.00
# Visual Studio Version 17
VisualStudioVersion = 17.9.34714.143
MinimumVisualStudioVersion = 10.0.40219.1
Project("{FAE04EC0-301F-11D3-BF4B-00C04F79EFBC}") = "PrjFinalTDD", "PrjFinalTDD.csproj", "{84DFE635-B1B1-4441-863D-1B7500960633}"
EndProject
Project("{FAE04EC0-301F-11D3-BF4B-00C04F79EFBC}") = "TestPrjFinal", "..\TestPrjFinal\TestPrjFinal.csproj", "{F6EA357B-50B0-437A-AB86-C30B3792C1E7}"
EndProject
Project("{2150E333-8FDC-42A3-9474-1A3956D46DE8}") = "Itens de Solução", "Itens de Solução", "{9643BDFC-2D85-4218-B3F9-9E9003AE6D8F}"
	ProjectSection(SolutionItems) = preProject
		Class1.cs = Class1.cs
	EndProjectSection
EndProject
Global
	GlobalSection(SolutionConfigurationPlatforms) = preSolution
		Debug|Any CPU = Debug|Any CPU
		Release|Any CPU = Release|Any CPU
	EndGlobalSection
	GlobalSection(ProjectConfigurationPlatforms) = postSolution
		{84DFE635-B1B1-4441-863D-1B7500960633}.Debug|Any CPU.ActiveCfg = Debug|Any CPU
		{84DFE635-B1B1-4441-863D-1B7500960633}.Debug|Any CPU.Build.0 = Debug|Any CPU
		{84DFE635-B1B1-4441-863D-1B7500960633}.Release|Any CPU.ActiveCfg = Release|Any CPU
		{84DFE635-B1B1-4441-863D-1B7500960633}.Release|Any CPU.Build.0 = Release|Any CPU
		{F6EA357B-50B0-437A-AB86-C30B3792C1E7}.Debug|Any CPU.ActiveCfg = Debug|Any CPU
		{F6EA357B-50B0-437A-AB86-C30B3792C1E7}.Debug|Any CPU.Build.0 = Debug|Any CPU
		{F6EA357B-50B0-437A-AB86-C30B3792C1E7}.Release|Any CPU.ActiveCfg = Release|Any CPU
		{F6EA357B-50B0-437A-AB86-C30B3792C1E7}.Release|Any CPU.Build.0 = Release|Any CPU
	EndGlobalSection
	GlobalSection(SolutionProperties) = preSolution
		HideSolutionNode = FALSE
	EndGlobalSection
	GlobalSection(ExtensibilityGlobals) = postSolution
		SolutionGuid = {FBC7DA88-EA6C-4FFA-90F7-0570C542B3D9}
	EndGlobalSection
EndGlobal
