
Microsoft Visual Studio Solution File, Format Version 12.00
# Visual Studio Version 17
VisualStudioVersion = 17.0.31903.59
MinimumVisualStudioVersion = 10.0.40219.1
Project("{FAE04EC0-301F-11D3-BF4B-00C04F79EFBC}") = "PrjFinalTDD", "Calculadora.Desafio.Console\PrjFinalTDD.csproj", "{52783A0F-6E60-452F-8E0C-BDDE6197E686}"
EndProject
Project("{FAE04EC0-301F-11D3-BF4B-00C04F79EFBC}") = "TestPrjFinal", "Calculadora.Desafio.Test\TestPrjFinal.csproj", "{07397850-7FEB-4551-9790-3FD3EC652CDC}"
EndProject
Global
	GlobalSection(SolutionConfigurationPlatforms) = preSolution
		Debug|Any CPU = Debug|Any CPU
		Release|Any CPU = Release|Any CPU
	EndGlobalSection
	GlobalSection(SolutionProperties) = preSolution
		HideSolutionNode = FALSE
	EndGlobalSection
	GlobalSection(ProjectConfigurationPlatforms) = postSolution
		{52783A0F-6E60-452F-8E0C-BDDE6197E686}.Debug|Any CPU.ActiveCfg = Debug|Any CPU
		{52783A0F-6E60-452F-8E0C-BDDE6197E686}.Debug|Any CPU.Build.0 = Debug|Any CPU
		{52783A0F-6E60-452F-8E0C-BDDE6197E686}.Release|Any CPU.ActiveCfg = Release|Any CPU
		{52783A0F-6E60-452F-8E0C-BDDE6197E686}.Release|Any CPU.Build.0 = Release|Any CPU
		{07397850-7FEB-4551-9790-3FD3EC652CDC}.Debug|Any CPU.ActiveCfg = Debug|Any CPU
		{07397850-7FEB-4551-9790-3FD3EC652CDC}.Debug|Any CPU.Build.0 = Debug|Any CPU
		{07397850-7FEB-4551-9790-3FD3EC652CDC}.Release|Any CPU.ActiveCfg = Release|Any CPU
		{07397850-7FEB-4551-9790-3FD3EC652CDC}.Release|Any CPU.Build.0 = Release|Any CPU
	EndGlobalSection
EndGlobal
